<Solution>
  <Project Path="Common/ExpenseManager.Common.csproj" Id="c9934824-a193-4501-a5d5-c22e5816b598" />
  <Project Path="ExpenseManager.DBModels/ExpenseManager.DBModels.csproj" />
  <Project Path="ExpenseManager.DTOModels/ExpenseManager.DTOModels.csproj" />
  <Project Path="ExpenseManager.Repositories/ExpenseManager.Repositories.csproj" Id="88751440-1dfd-466c-bf5e-e3d80995ddcd" />
  <Project Path="ExpenseManager.Services/ExpenseManager.Services.csproj" Id="757d292b-08a2-459a-9e6d-8546f0a9e57a" />
  <Project Path="ExpenseManager/MauiApp1.csproj">
    <Deploy />
  </Project>
  <Project Path="ExpenseManagerConsole/ExpenseManagerConsole.csproj" Id="43c6918d-3481-4519-8a2e-82b702c51bf9" />
  <Project Path="ExpenseManagerUIModels/ExpenseManagerUIModels.csproj" Id="80c8910c-4918-4604-975a-b56af61ef448" />
</Solution>
